
Microsoft Visual Studio Solution File, Format Version 12.00
# Visual Studio 15
VisualStudioVersion = 15.0.26124.0
MinimumVisualStudioVersion = 15.0.26124.0
Project("{FAE04EC0-301F-11D3-BF4B-00C04F79EFBC}") = "ConsumerToDb", "ConsumerToDb\ConsumerToDb.csproj", "{D18F4761-89A5-4465-A98E-7716099AEE1E}"
EndProject
Project("{FAE04EC0-301F-11D3-BF4B-00C04F79EFBC}") = "ProducerRestApi", "ProducerRestApi\ProducerRestApi.csproj", "{E2798A61-8159-45C1-852C-968BBB4D2A8C}"
EndProject
Project("{FAE04EC0-301F-11D3-BF4B-00C04F79EFBC}") = "JsonHelper", "JsonHelper\JsonHelper.csproj", "{0635EDFC-F3A7-4F94-A9CD-62869D98780E}"
EndProject
Project("{FAE04EC0-301F-11D3-BF4B-00C04F79EFBC}") = "QueueDatabase", "QueueDatabase\QueueDatabase.csproj", "{1DE76D93-8B0F-4210-805C-54853B95B661}"
EndProject
Project("{FAE04EC0-301F-11D3-BF4B-00C04F79EFBC}") = "JsonHelper.Tests", "JsonHelper.Tests\JsonHelper.Tests.csproj", "{EA624363-C570-444F-A6E4-F552A47C0FA5}"
EndProject
Project("{FAE04EC0-301F-11D3-BF4B-00C04F79EFBC}") = "ProducerRestApi.Tests", "ProducerRestApi.Tests\ProducerRestApi.Tests.csproj", "{CE86AAD5-755D-4561-B4AE-0BB13150D99E}"
EndProject
Project("{FAE04EC0-301F-11D3-BF4B-00C04F79EFBC}") = "QueueDatabase.Tests", "QueueDatabase.Tests\QueueDatabase.Tests.csproj", "{4EE3EED8-0D19-4296-A059-8298819D96E9}"
EndProject
Project("{FAE04EC0-301F-11D3-BF4B-00C04F79EFBC}") = "ConsumerToDb.Tests", "ConsumerToDb.Tests\ConsumerToDb.Tests.csproj", "{84A8B977-9026-4BA3-B8E5-5B9999C8E702}"
EndProject
Global
	GlobalSection(SolutionConfigurationPlatforms) = preSolution
		Debug|Any CPU = Debug|Any CPU
		Debug|x64 = Debug|x64
		Debug|x86 = Debug|x86
		Release|Any CPU = Release|Any CPU
		Release|x64 = Release|x64
		Release|x86 = Release|x86
	EndGlobalSection
	GlobalSection(SolutionProperties) = preSolution
		HideSolutionNode = FALSE
	EndGlobalSection
	GlobalSection(ProjectConfigurationPlatforms) = postSolution
		{D18F4761-89A5-4465-A98E-7716099AEE1E}.Debug|Any CPU.ActiveCfg = Debug|Any CPU
		{D18F4761-89A5-4465-A98E-7716099AEE1E}.Debug|Any CPU.Build.0 = Debug|Any CPU
		{D18F4761-89A5-4465-A98E-7716099AEE1E}.Debug|x64.ActiveCfg = Debug|Any CPU
		{D18F4761-89A5-4465-A98E-7716099AEE1E}.Debug|x64.Build.0 = Debug|Any CPU
		{D18F4761-89A5-4465-A98E-7716099AEE1E}.Debug|x86.ActiveCfg = Debug|Any CPU
		{D18F4761-89A5-4465-A98E-7716099AEE1E}.Debug|x86.Build.0 = Debug|Any CPU
		{D18F4761-89A5-4465-A98E-7716099AEE1E}.Release|Any CPU.ActiveCfg = Release|Any CPU
		{D18F4761-89A5-4465-A98E-7716099AEE1E}.Release|Any CPU.Build.0 = Release|Any CPU
		{D18F4761-89A5-4465-A98E-7716099AEE1E}.Release|x64.ActiveCfg = Release|Any CPU
		{D18F4761-89A5-4465-A98E-7716099AEE1E}.Release|x64.Build.0 = Release|Any CPU
		{D18F4761-89A5-4465-A98E-7716099AEE1E}.Release|x86.ActiveCfg = Release|Any CPU
		{D18F4761-89A5-4465-A98E-7716099AEE1E}.Release|x86.Build.0 = Release|Any CPU
		{E2798A61-8159-45C1-852C-968BBB4D2A8C}.Debug|Any CPU.ActiveCfg = Debug|Any CPU
		{E2798A61-8159-45C1-852C-968BBB4D2A8C}.Debug|Any CPU.Build.0 = Debug|Any CPU
		{E2798A61-8159-45C1-852C-968BBB4D2A8C}.Debug|x64.ActiveCfg = Debug|Any CPU
		{E2798A61-8159-45C1-852C-968BBB4D2A8C}.Debug|x64.Build.0 = Debug|Any CPU
		{E2798A61-8159-45C1-852C-968BBB4D2A8C}.Debug|x86.ActiveCfg = Debug|Any CPU
		{E2798A61-8159-45C1-852C-968BBB4D2A8C}.Debug|x86.Build.0 = Debug|Any CPU
		{E2798A61-8159-45C1-852C-968BBB4D2A8C}.Release|Any CPU.ActiveCfg = Release|Any CPU
		{E2798A61-8159-45C1-852C-968BBB4D2A8C}.Release|Any CPU.Build.0 = Release|Any CPU
		{E2798A61-8159-45C1-852C-968BBB4D2A8C}.Release|x64.ActiveCfg = Release|Any CPU
		{E2798A61-8159-45C1-852C-968BBB4D2A8C}.Release|x64.Build.0 = Release|Any CPU
		{E2798A61-8159-45C1-852C-968BBB4D2A8C}.Release|x86.ActiveCfg = Release|Any CPU
		{E2798A61-8159-45C1-852C-968BBB4D2A8C}.Release|x86.Build.0 = Release|Any CPU
		{0635EDFC-F3A7-4F94-A9CD-62869D98780E}.Debug|Any CPU.ActiveCfg = Debug|Any CPU
		{0635EDFC-F3A7-4F94-A9CD-62869D98780E}.Debug|Any CPU.Build.0 = Debug|Any CPU
		{0635EDFC-F3A7-4F94-A9CD-62869D98780E}.Debug|x64.ActiveCfg = Debug|Any CPU
		{0635EDFC-F3A7-4F94-A9CD-62869D98780E}.Debug|x64.Build.0 = Debug|Any CPU
		{0635EDFC-F3A7-4F94-A9CD-62869D98780E}.Debug|x86.ActiveCfg = Debug|Any CPU
		{0635EDFC-F3A7-4F94-A9CD-62869D98780E}.Debug|x86.Build.0 = Debug|Any CPU
		{0635EDFC-F3A7-4F94-A9CD-62869D98780E}.Release|Any CPU.ActiveCfg = Release|Any CPU
		{0635EDFC-F3A7-4F94-A9CD-62869D98780E}.Release|Any CPU.Build.0 = Release|Any CPU
		{0635EDFC-F3A7-4F94-A9CD-62869D98780E}.Release|x64.ActiveCfg = Release|Any CPU
		{0635EDFC-F3A7-4F94-A9CD-62869D98780E}.Release|x64.Build.0 = Release|Any CPU
		{0635EDFC-F3A7-4F94-A9CD-62869D98780E}.Release|x86.ActiveCfg = Release|Any CPU
		{0635EDFC-F3A7-4F94-A9CD-62869D98780E}.Release|x86.Build.0 = Release|Any CPU
		{1DE76D93-8B0F-4210-805C-54853B95B661}.Debug|Any CPU.ActiveCfg = Debug|Any CPU
		{1DE76D93-8B0F-4210-805C-54853B95B661}.Debug|Any CPU.Build.0 = Debug|Any CPU
		{1DE76D93-8B0F-4210-805C-54853B95B661}.Debug|x64.ActiveCfg = Debug|Any CPU
		{1DE76D93-8B0F-4210-805C-54853B95B661}.Debug|x64.Build.0 = Debug|Any CPU
		{1DE76D93-8B0F-4210-805C-54853B95B661}.Debug|x86.ActiveCfg = Debug|Any CPU
		{1DE76D93-8B0F-4210-805C-54853B95B661}.Debug|x86.Build.0 = Debug|Any CPU
		{1DE76D93-8B0F-4210-805C-54853B95B661}.Release|Any CPU.ActiveCfg = Release|Any CPU
		{1DE76D93-8B0F-4210-805C-54853B95B661}.Release|Any CPU.Build.0 = Release|Any CPU
		{1DE76D93-8B0F-4210-805C-54853B95B661}.Release|x64.ActiveCfg = Release|Any CPU
		{1DE76D93-8B0F-4210-805C-54853B95B661}.Release|x64.Build.0 = Release|Any CPU
		{1DE76D93-8B0F-4210-805C-54853B95B661}.Release|x86.ActiveCfg = Release|Any CPU
		{1DE76D93-8B0F-4210-805C-54853B95B661}.Release|x86.Build.0 = Release|Any CPU
		{EA624363-C570-444F-A6E4-F552A47C0FA5}.Debug|Any CPU.ActiveCfg = Debug|Any CPU
		{EA624363-C570-444F-A6E4-F552A47C0FA5}.Debug|Any CPU.Build.0 = Debug|Any CPU
		{EA624363-C570-444F-A6E4-F552A47C0FA5}.Debug|x64.ActiveCfg = Debug|Any CPU
		{EA624363-C570-444F-A6E4-F552A47C0FA5}.Debug|x64.Build.0 = Debug|Any CPU
		{EA624363-C570-444F-A6E4-F552A47C0FA5}.Debug|x86.ActiveCfg = Debug|Any CPU
		{EA624363-C570-444F-A6E4-F552A47C0FA5}.Debug|x86.Build.0 = Debug|Any CPU
		{EA624363-C570-444F-A6E4-F552A47C0FA5}.Release|Any CPU.ActiveCfg = Release|Any CPU
		{EA624363-C570-444F-A6E4-F552A47C0FA5}.Release|Any CPU.Build.0 = Release|Any CPU
		{EA624363-C570-444F-A6E4-F552A47C0FA5}.Release|x64.ActiveCfg = Release|Any CPU
		{EA624363-C570-444F-A6E4-F552A47C0FA5}.Release|x64.Build.0 = Release|Any CPU
		{EA624363-C570-444F-A6E4-F552A47C0FA5}.Release|x86.ActiveCfg = Release|Any CPU
		{EA624363-C570-444F-A6E4-F552A47C0FA5}.Release|x86.Build.0 = Release|Any CPU
		{CE86AAD5-755D-4561-B4AE-0BB13150D99E}.Debug|Any CPU.ActiveCfg = Debug|Any CPU
		{CE86AAD5-755D-4561-B4AE-0BB13150D99E}.Debug|Any CPU.Build.0 = Debug|Any CPU
		{CE86AAD5-755D-4561-B4AE-0BB13150D99E}.Debug|x64.ActiveCfg = Debug|Any CPU
		{CE86AAD5-755D-4561-B4AE-0BB13150D99E}.Debug|x64.Build.0 = Debug|Any CPU
		{CE86AAD5-755D-4561-B4AE-0BB13150D99E}.Debug|x86.ActiveCfg = Debug|Any CPU
		{CE86AAD5-755D-4561-B4AE-0BB13150D99E}.Debug|x86.Build.0 = Debug|Any CPU
		{CE86AAD5-755D-4561-B4AE-0BB13150D99E}.Release|Any CPU.ActiveCfg = Release|Any CPU
		{CE86AAD5-755D-4561-B4AE-0BB13150D99E}.Release|Any CPU.Build.0 = Release|Any CPU
		{CE86AAD5-755D-4561-B4AE-0BB13150D99E}.Release|x64.ActiveCfg = Release|Any CPU
		{CE86AAD5-755D-4561-B4AE-0BB13150D99E}.Release|x64.Build.0 = Release|Any CPU
		{CE86AAD5-755D-4561-B4AE-0BB13150D99E}.Release|x86.ActiveCfg = Release|Any CPU
		{CE86AAD5-755D-4561-B4AE-0BB13150D99E}.Release|x86.Build.0 = Release|Any CPU
		{4EE3EED8-0D19-4296-A059-8298819D96E9}.Debug|Any CPU.ActiveCfg = Debug|Any CPU
		{4EE3EED8-0D19-4296-A059-8298819D96E9}.Debug|Any CPU.Build.0 = Debug|Any CPU
		{4EE3EED8-0D19-4296-A059-8298819D96E9}.Debug|x64.ActiveCfg = Debug|Any CPU
		{4EE3EED8-0D19-4296-A059-8298819D96E9}.Debug|x64.Build.0 = Debug|Any CPU
		{4EE3EED8-0D19-4296-A059-8298819D96E9}.Debug|x86.ActiveCfg = Debug|Any CPU
		{4EE3EED8-0D19-4296-A059-8298819D96E9}.Debug|x86.Build.0 = Debug|Any CPU
		{4EE3EED8-0D19-4296-A059-8298819D96E9}.Release|Any CPU.ActiveCfg = Release|Any CPU
		{4EE3EED8-0D19-4296-A059-8298819D96E9}.Release|Any CPU.Build.0 = Release|Any CPU
		{4EE3EED8-0D19-4296-A059-8298819D96E9}.Release|x64.ActiveCfg = Release|Any CPU
		{4EE3EED8-0D19-4296-A059-8298819D96E9}.Release|x64.Build.0 = Release|Any CPU
		{4EE3EED8-0D19-4296-A059-8298819D96E9}.Release|x86.ActiveCfg = Release|Any CPU
		{4EE3EED8-0D19-4296-A059-8298819D96E9}.Release|x86.Build.0 = Release|Any CPU
		{84A8B977-9026-4BA3-B8E5-5B9999C8E702}.Debug|Any CPU.ActiveCfg = Debug|Any CPU
		{84A8B977-9026-4BA3-B8E5-5B9999C8E702}.Debug|Any CPU.Build.0 = Debug|Any CPU
		{84A8B977-9026-4BA3-B8E5-5B9999C8E702}.Debug|x64.ActiveCfg = Debug|Any CPU
		{84A8B977-9026-4BA3-B8E5-5B9999C8E702}.Debug|x64.Build.0 = Debug|Any CPU
		{84A8B977-9026-4BA3-B8E5-5B9999C8E702}.Debug|x86.ActiveCfg = Debug|Any CPU
		{84A8B977-9026-4BA3-B8E5-5B9999C8E702}.Debug|x86.Build.0 = Debug|Any CPU
		{84A8B977-9026-4BA3-B8E5-5B9999C8E702}.Release|Any CPU.ActiveCfg = Release|Any CPU
		{84A8B977-9026-4BA3-B8E5-5B9999C8E702}.Release|Any CPU.Build.0 = Release|Any CPU
		{84A8B977-9026-4BA3-B8E5-5B9999C8E702}.Release|x64.ActiveCfg = Release|Any CPU
		{84A8B977-9026-4BA3-B8E5-5B9999C8E702}.Release|x64.Build.0 = Release|Any CPU
		{84A8B977-9026-4BA3-B8E5-5B9999C8E702}.Release|x86.ActiveCfg = Release|Any CPU
		{84A8B977-9026-4BA3-B8E5-5B9999C8E702}.Release|x86.Build.0 = Release|Any CPU
	EndGlobalSection
EndGlobal
